// !$*UTF8*$!
{
	archiveVersion = 1;
	classes = {
	};
	objectVersion = 50;
	objects = {

/* Begin PBXBuildFile section */
		18178B2E238F7FE600A9CD38 /* extension.swift in Sources */ = {isa = PBXBuildFile; fileRef = 18178B2D238F7FE600A9CD38 /* extension.swift */; };
		18178B31238F892C00A9CD38 /* CollectionViewCell.swift in Sources */ = {isa = PBXBuildFile; fileRef = 18178B2F238F892C00A9CD38 /* CollectionViewCell.swift */; };
		18178B32238F892C00A9CD38 /* CollectionViewCell.xib in Resources */ = {isa = PBXBuildFile; fileRef = 18178B30238F892C00A9CD38 /* CollectionViewCell.xib */; };
		18178B34238F89A400A9CD38 /* ViewController.swift in Sources */ = {isa = PBXBuildFile; fileRef = 18178B33238F89A400A9CD38 /* ViewController.swift */; };
		183915DD238E33530028866E /* AppDelegate.swift in Sources */ = {isa = PBXBuildFile; fileRef = 183915DC238E33530028866E /* AppDelegate.swift */; };
		183915DF238E33530028866E /* SceneDelegate.swift in Sources */ = {isa = PBXBuildFile; fileRef = 183915DE238E33530028866E /* SceneDelegate.swift */; };
		183915E4238E33530028866E /* Main.storyboard in Resources */ = {isa = PBXBuildFile; fileRef = 183915E2238E33530028866E /* Main.storyboard */; };
		183915E7238E33530028866E /* collectionViewCellSizing.xcdatamodeld in Sources */ = {isa = PBXBuildFile; fileRef = 183915E5238E33530028866E /* collectionViewCellSizing.xcdatamodeld */; };
		183915E9238E33550028866E /* Assets.xcassets in Resources */ = {isa = PBXBuildFile; fileRef = 183915E8238E33550028866E /* Assets.xcassets */; };
		183915EC238E33550028866E /* LaunchScreen.storyboard in Resources */ = {isa = PBXBuildFile; fileRef = 183915EA238E33550028866E /* LaunchScreen.storyboard */; };
		183915F7238E33560028866E /* collectionViewCellSizingTests.swift in Sources */ = {isa = PBXBuildFile; fileRef = 183915F6238E33560028866E /* collectionViewCellSizingTests.swift */; };
		18391602238E33560028866E /* collectionViewCellSizingUITests.swift in Sources */ = {isa = PBXBuildFile; fileRef = 18391601238E33560028866E /* collectionViewCellSizingUITests.swift */; };
/* End PBXBuildFile section */

/* Begin PBXContainerItemProxy section */
		183915F3238E33560028866E /* PBXContainerItemProxy */ = {
			isa = PBXContainerItemProxy;
			containerPortal = 183915D1238E33530028866E /* Project object */;
			proxyType = 1;
			remoteGlobalIDString = 183915D8238E33530028866E;
			remoteInfo = collectionViewCellSizing;
		};
		183915FE238E33560028866E /* PBXContainerItemProxy */ = {
			isa = PBXContainerItemProxy;
			containerPortal = 183915D1238E33530028866E /* Project object */;
			proxyType = 1;
			remoteGlobalIDString = 183915D8238E33530028866E;
			remoteInfo = collectionViewCellSizing;
		};
/* End PBXContainerItemProxy section */

/* Begin PBXFileReference section */
		18178B2D238F7FE600A9CD38 /* extension.swift */ = {isa = PBXFileReference; lastKnownFileType = sourcecode.swift; path = extension.swift; sourceTree = "<group>"; };
		18178B2F238F892C00A9CD38 /* CollectionViewCell.swift */ = {isa = PBXFileReference; lastKnownFileType = sourcecode.swift; path = CollectionViewCell.swift; sourceTree = "<group>"; };
		18178B30238F892C00A9CD38 /* CollectionViewCell.xib */ = {isa = PBXFileReference; lastKnownFileType = file.xib; path = CollectionViewCell.xib; sourceTree = "<group>"; };
		18178B33238F89A400A9CD38 /* ViewController.swift */ = {isa = PBXFileReference; lastKnownFileType = sourcecode.swift; path = ViewController.swift; sourceTree = "<group>"; };
		183915D9238E33530028866E /* collectionViewCellSizing.app */ = {isa = PBXFileReference; explicitFileType = wrapper.application; includeInIndex = 0; path = collectionViewCellSizing.app; sourceTree = BUILT_PRODUCTS_DIR; };
		183915DC238E33530028866E /* AppDelegate.swift */ = {isa = PBXFileReference; lastKnownFileType = sourcecode.swift; path = AppDelegate.swift; sourceTree = "<group>"; };
		183915DE238E33530028866E /* SceneDelegate.swift */ = {isa = PBXFileReference; lastKnownFileType = sourcecode.swift; path = SceneDelegate.swift; sourceTree = "<group>"; };
		183915E3238E33530028866E /* Base */ = {isa = PBXFileReference; lastKnownFileType = file.storyboard; name = Base; path = Base.lproj/Main.storyboard; sourceTree = "<group>"; };
		183915E6238E33530028866E /* collectionViewCellSizing.xcdatamodel */ = {isa = PBXFileReference; lastKnownFileType = wrapper.xcdatamodel; path = collectionViewCellSizing.xcdatamodel; sourceTree = "<group>"; };
		183915E8238E33550028866E /* Assets.xcassets */ = {isa = PBXFileReference; lastKnownFileType = folder.assetcatalog; path = Assets.xcassets; sourceTree = "<group>"; };
		183915EB238E33550028866E /* Base */ = {isa = PBXFileReference; lastKnownFileType = file.storyboard; name = Base; path = Base.lproj/LaunchScreen.storyboard; sourceTree = "<group>"; };
		183915ED238E33550028866E /* Info.plist */ = {isa = PBXFileReference; lastKnownFileType = text.plist.xml; path = Info.plist; sourceTree = "<group>"; };
		183915F2238E33560028866E /* collectionViewCellSizingTests.xctest */ = {isa = PBXFileReference; explicitFileType = wrapper.cfbundle; includeInIndex = 0; path = collectionViewCellSizingTests.xctest; sourceTree = BUILT_PRODUCTS_DIR; };
		183915F6238E33560028866E /* collectionViewCellSizingTests.swift */ = {isa = PBXFileReference; lastKnownFileType = sourcecode.swift; path = collectionViewCellSizingTests.swift; sourceTree = "<group>"; };
		183915F8238E33560028866E /* Info.plist */ = {isa = PBXFileReference; lastKnownFileType = text.plist.xml; path = Info.plist; sourceTree = "<group>"; };
		183915FD238E33560028866E /* collectionViewCellSizingUITests.xctest */ = {isa = PBXFileReference; explicitFileType = wrapper.cfbundle; includeInIndex = 0; path = collectionViewCellSizingUITests.xctest; sourceTree = BUILT_PRODUCTS_DIR; };
		18391601238E33560028866E /* collectionViewCellSizingUITests.swift */ = {isa = PBXFileReference; lastKnownFileType = sourcecode.swift; path = collectionViewCellSizingUITests.swift; sourceTree = "<group>"; };
		18391603238E33560028866E /* Info.plist */ = {isa = PBXFileReference; lastKnownFileType = text.plist.xml; path = Info.plist; sourceTree = "<group>"; };
/* End PBXFileReference section */

/* Begin PBXFrameworksBuildPhase section */
		183915D6238E33530028866E /* Frameworks */ = {
			isa = PBXFrameworksBuildPhase;
			buildActionMask = 2147483647;
			files = (
			);
			runOnlyForDeploymentPostprocessing = 0;
		};
		183915EF238E33560028866E /* Frameworks */ = {
			isa = PBXFrameworksBuildPhase;
			buildActionMask = 2147483647;
			files = (
			);
			runOnlyForDeploymentPostprocessing = 0;
		};
		183915FA238E33560028866E /* Frameworks */ = {
			isa = PBXFrameworksBuildPhase;
			buildActionMask = 2147483647;
			files = (
			);
			runOnlyForDeploymentPostprocessing = 0;
		};
/* End PBXFrameworksBuildPhase section */

/* Begin PBXGroup section */
		183915D0238E33530028866E = {
			isa = PBXGroup;
			children = (
				183915DB238E33530028866E /* collectionViewCellSizing */,
				183915F5238E33560028866E /* collectionViewCellSizingTests */,
				18391600238E33560028866E /* collectionViewCellSizingUITests */,
				183915DA238E33530028866E /* Products */,
			);
			sourceTree = "<group>";
		};
		183915DA238E33530028866E /* Products */ = {
			isa = PBXGroup;
			children = (
				183915D9238E33530028866E /* collectionViewCellSizing.app */,
				183915F2238E33560028866E /* collectionViewCellSizingTests.xctest */,
				183915FD238E33560028866E /* collectionViewCellSizingUITests.xctest */,
			);
			name = Products;
			sourceTree = "<group>";
		};
		183915DB238E33530028866E /* collectionViewCellSizing */ = {
			isa = PBXGroup;
			children = (
				183915DC238E33530028866E /* AppDelegate.swift */,
				183915DE238E33530028866E /* SceneDelegate.swift */,
				18178B33238F89A400A9CD38 /* ViewController.swift */,
				18178B2F238F892C00A9CD38 /* CollectionViewCell.swift */,
				18178B30238F892C00A9CD38 /* CollectionViewCell.xib */,
				18178B2D238F7FE600A9CD38 /* extension.swift */,
				183915E2238E33530028866E /* Main.storyboard */,
				183915E8238E33550028866E /* Assets.xcassets */,
				183915EA238E33550028866E /* LaunchScreen.storyboard */,
				183915ED238E33550028866E /* Info.plist */,
				183915E5238E33530028866E /* collectionViewCellSizing.xcdatamodeld */,
			);
			path = collectionViewCellSizing;
			sourceTree = "<group>";
		};
		183915F5238E33560028866E /* collectionViewCellSizingTests */ = {
			isa = PBXGroup;
			children = (
				183915F6238E33560028866E /* collectionViewCellSizingTests.swift */,
				183915F8238E33560028866E /* Info.plist */,
			);
			path = collectionViewCellSizingTests;
			sourceTree = "<group>";
		};
		18391600238E33560028866E /* collectionViewCellSizingUITests */ = {
			isa = PBXGroup;
			children = (
				18391601238E33560028866E /* collectionViewCellSizingUITests.swift */,
				18391603238E33560028866E /* Info.plist */,
			);
			path = collectionViewCellSizingUITests;
			sourceTree = "<group>";
		};
/* End PBXGroup section */

/* Begin PBXNativeTarget section */
		183915D8238E33530028866E /* collectionViewCellSizing */ = {
			isa = PBXNativeTarget;
			buildConfigurationList = 18391606238E33560028866E /* Build configuration list for PBXNativeTarget "collectionViewCellSizing" */;
			buildPhases = (
				183915D5238E33530028866E /* Sources */,
				183915D6238E33530028866E /* Frameworks */,
				183915D7238E33530028866E /* Resources */,
			);
			buildRules = (
			);
			dependencies = (
			);
			name = collectionViewCellSizing;
			productName = collectionViewCellSizing;
			productReference = 183915D9238E33530028866E /* collectionViewCellSizing.app */;
			productType = "com.apple.product-type.application";
		};
		183915F1238E33560028866E /* collectionViewCellSizingTests */ = {
			isa = PBXNativeTarget;
			buildConfigurationList = 18391609238E33560028866E /* Build configuration list for PBXNativeTarget "collectionViewCellSizingTests" */;
			buildPhases = (
				183915EE238E33560028866E /* Sources */,
				183915EF238E33560028866E /* Frameworks */,
				183915F0238E33560028866E /* Resources */,
			);
			buildRules = (
			);
			dependencies = (
				183915F4238E33560028866E /* PBXTargetDependency */,
			);
			name = collectionViewCellSizingTests;
			productName = collectionViewCellSizingTests;
			productReference = 183915F2238E33560028866E /* collectionViewCellSizingTests.xctest */;
			productType = "com.apple.product-type.bundle.unit-test";
		};
		183915FC238E33560028866E /* collectionViewCellSizingUITests */ = {
			isa = PBXNativeTarget;
			buildConfigurationList = 1839160C238E33560028866E /* Build configuration list for PBXNativeTarget "collectionViewCellSizingUITests" */;
			buildPhases = (
				183915F9238E33560028866E /* Sources */,
				183915FA238E33560028866E /* Frameworks */,
				183915FB238E33560028866E /* Resources */,
			);
			buildRules = (
			);
			dependencies = (
				183915FF238E33560028866E /* PBXTargetDependency */,
			);
			name = collectionViewCellSizingUITests;
			productName = collectionViewCellSizingUITests;
			productReference = 183915FD238E33560028866E /* collectionViewCellSizingUITests.xctest */;
			productType = "com.apple.product-type.bundle.ui-testing";
		};
/* End PBXNativeTarget section */

/* Begin PBXProject section */
		183915D1238E33530028866E /* Project object */ = {
			isa = PBXProject;
			attributes = {
				LastSwiftUpdateCheck = 1110;
				LastUpgradeCheck = 1110;
				ORGANIZATIONNAME = Apple;
				TargetAttributes = {
					183915D8238E33530028866E = {
						CreatedOnToolsVersion = 11.1;
					};
					183915F1238E33560028866E = {
						CreatedOnToolsVersion = 11.1;
						TestTargetID = 183915D8238E33530028866E;
					};
					183915FC238E33560028866E = {
						CreatedOnToolsVersion = 11.1;
						TestTargetID = 183915D8238E33530028866E;
					};
				};
			};
			buildConfigurationList = 183915D4238E33530028866E /* Build configuration list for PBXProject "collectionViewCellSizing" */;
			compatibilityVersion = "Xcode 9.3";
			developmentRegion = en;
			hasScannedForEncodings = 0;
			knownRegions = (
				en,
				Base,
			);
			mainGroup = 183915D0238E33530028866E;
			productRefGroup = 183915DA238E33530028866E /* Products */;
			projectDirPath = "";
			projectRoot = "";
			targets = (
				183915D8238E33530028866E /* collectionViewCellSizing */,
				183915F1238E33560028866E /* collectionViewCellSizingTests */,
				183915FC238E33560028866E /* collectionViewCellSizingUITests */,
			);
		};
/* End PBXProject section */

/* Begin PBXResourcesBuildPhase section */
		183915D7238E33530028866E /* Resources */ = {
			isa = PBXResourcesBuildPhase;
			buildActionMask = 2147483647;
			files = (
				183915EC238E33550028866E /* LaunchScreen.storyboard in Resources */,
				183915E9238E33550028866E /* Assets.xcassets in Resources */,
				18178B32238F892C00A9CD38 /* CollectionViewCell.xib in Resources */,
				183915E4238E33530028866E /* Main.storyboard in Resources */,
			);
			runOnlyForDeploymentPostprocessing = 0;
		};
		183915F0238E33560028866E /* Resources */ = {
			isa = PBXResourcesBuildPhase;
			buildActionMask = 2147483647;
			files = (
			);
			runOnlyForDeploymentPostprocessing = 0;
		};
		183915FB238E33560028866E /* Resources */ = {
			isa = PBXResourcesBuildPhase;
			buildActionMask = 2147483647;
			files = (
			);
			runOnlyForDeploymentPostprocessing = 0;
		};
/* End PBXResourcesBuildPhase section */

/* Begin PBXSourcesBuildPhase section */
		183915D5238E33530028866E /* Sources */ = {
			isa = PBXSourcesBuildPhase;
			buildActionMask = 2147483647;
			files = (
				18178B34238F89A400A9CD38 /* ViewController.swift in Sources */,
				183915E7238E33530028866E /* collectionViewCellSizing.xcdatamodeld in Sources */,
				18178B31238F892C00A9CD38 /* CollectionViewCell.swift in Sources */,
				18178B2E238F7FE600A9CD38 /* extension.swift in Sources */,
				183915DD238E33530028866E /* AppDelegate.swift in Sources */,
				183915DF238E33530028866E /* SceneDelegate.swift in Sources */,
			);
			runOnlyForDeploymentPostprocessing = 0;
		};
		183915EE238E33560028866E /* Sources */ = {
			isa = PBXSourcesBuildPhase;
			buildActionMask = 2147483647;
			files = (
				183915F7238E33560028866E /* collectionViewCellSizingTests.swift in Sources */,
			);
			runOnlyForDeploymentPostprocessing = 0;
		};
		183915F9238E33560028866E /* Sources */ = {
			isa = PBXSourcesBuildPhase;
			buildActionMask = 2147483647;
			files = (
				18391602238E33560028866E /* collectionViewCellSizingUITests.swift in Sources */,
			);
			runOnlyForDeploymentPostprocessing = 0;
		};
/* End PBXSourcesBuildPhase section */

/* Begin PBXTargetDependency section */
		183915F4238E33560028866E /* PBXTargetDependency */ = {
			isa = PBXTargetDependency;
			target = 183915D8238E33530028866E /* collectionViewCellSizing */;
			targetProxy = 183915F3238E33560028866E /* PBXContainerItemProxy */;
		};
		183915FF238E33560028866E /* PBXTargetDependency */ = {
			isa = PBXTargetDependency;
			target = 183915D8238E33530028866E /* collectionViewCellSizing */;
			targetProxy = 183915FE238E33560028866E /* PBXContainerItemProxy */;
		};
/* End PBXTargetDependency section */

/* Begin PBXVariantGroup section */
		183915E2238E33530028866E /* Main.storyboard */ = {
			isa = PBXVariantGroup;
			children = (
				183915E3238E33530028866E /* Base */,
			);
			name = Main.storyboard;
			sourceTree = "<group>";
		};
		183915EA238E33550028866E /* LaunchScreen.storyboard */ = {
			isa = PBXVariantGroup;
			children = (
				183915EB238E33550028866E /* Base */,
			);
			name = LaunchScreen.storyboard;
			sourceTree = "<group>";
		};
/* End PBXVariantGroup section */

/* Begin XCBuildConfiguration section */
		18391604238E33560028866E /* Debug */ = {
			isa = XCBuildConfiguration;
			buildSettings = {
				ALWAYS_SEARCH_USER_PATHS = NO;
				CLANG_ANALYZER_NONNULL = YES;
				CLANG_ANALYZER_NUMBER_OBJECT_CONVERSION = YES_AGGRESSIVE;
				CLANG_CXX_LANGUAGE_STANDARD = "gnu++14";
				CLANG_CXX_LIBRARY = "libc++";
				CLANG_ENABLE_MODULES = YES;
				CLANG_ENABLE_OBJC_ARC = YES;
				CLANG_ENABLE_OBJC_WEAK = YES;
				CLANG_WARN_BLOCK_CAPTURE_AUTORELEASING = YES;
				CLANG_WARN_BOOL_CONVERSION = YES;
				CLANG_WARN_COMMA = YES;
				CLANG_WARN_CONSTANT_CONVERSION = YES;
				CLANG_WARN_DEPRECATED_OBJC_IMPLEMENTATIONS = YES;
				CLANG_WARN_DIRECT_OBJC_ISA_USAGE = YES_ERROR;
				CLANG_WARN_DOCUMENTATION_COMMENTS = YES;
				CLANG_WARN_EMPTY_BODY = YES;
				CLANG_WARN_ENUM_CONVERSION = YES;
				CLANG_WARN_INFINITE_RECURSION = YES;
				CLANG_WARN_INT_CONVERSION = YES;
				CLANG_WARN_NON_LITERAL_NULL_CONVERSION = YES;
				CLANG_WARN_OBJC_IMPLICIT_RETAIN_SELF = YES;
				CLANG_WARN_OBJC_LITERAL_CONVERSION = YES;
				CLANG_WARN_OBJC_ROOT_CLASS = YES_ERROR;
				CLANG_WARN_RANGE_LOOP_ANALYSIS = YES;
				CLANG_WARN_STRICT_PROTOTYPES = YES;
				CLANG_WARN_SUSPICIOUS_MOVE = YES;
				CLANG_WARN_UNGUARDED_AVAILABILITY = YES_AGGRESSIVE;
				CLANG_WARN_UNREACHABLE_CODE = YES;
				CLANG_WARN__DUPLICATE_METHOD_MATCH = YES;
				COPY_PHASE_STRIP = NO;
				DEBUG_INFORMATION_FORMAT = dwarf;
				ENABLE_STRICT_OBJC_MSGSEND = YES;
				ENABLE_TESTABILITY = YES;
				GCC_C_LANGUAGE_STANDARD = gnu11;
				GCC_DYNAMIC_NO_PIC = NO;
				GCC_NO_COMMON_BLOCKS = YES;
				GCC_OPTIMIZATION_LEVEL = 0;
				GCC_PREPROCESSOR_DEFINITIONS = (
					"DEBUG=1",
					"$(inherited)",
				);
				GCC_WARN_64_TO_32_BIT_CONVERSION = YES;
				GCC_WARN_ABOUT_RETURN_TYPE = YES_ERROR;
				GCC_WARN_UNDECLARED_SELECTOR = YES;
				GCC_WARN_UNINITIALIZED_AUTOS = YES_AGGRESSIVE;
				GCC_WARN_UNUSED_FUNCTION = YES;
				GCC_WARN_UNUSED_VARIABLE = YES;
				IPHONEOS_DEPLOYMENT_TARGET = 13.1;
				MTL_ENABLE_DEBUG_INFO = INCLUDE_SOURCE;
				MTL_FAST_MATH = YES;
				ONLY_ACTIVE_ARCH = YES;
				SDKROOT = iphoneos;
				SWIFT_ACTIVE_COMPILATION_CONDITIONS = DEBUG;
				SWIFT_OPTIMIZATION_LEVEL = "-Onone";
			};
			name = Debug;
		};
		18391605238E33560028866E /* Release */ = {
			isa = XCBuildConfiguration;
			buildSettings = {
				ALWAYS_SEARCH_USER_PATHS = NO;
				CLANG_ANALYZER_NONNULL = YES;
				CLANG_ANALYZER_NUMBER_OBJECT_CONVERSION = YES_AGGRESSIVE;
				CLANG_CXX_LANGUAGE_STANDARD = "gnu++14";
				CLANG_CXX_LIBRARY = "libc++";
				CLANG_ENABLE_MODULES = YES;
				CLANG_ENABLE_OBJC_ARC = YES;
				CLANG_ENABLE_OBJC_WEAK = YES;
				CLANG_WARN_BLOCK_CAPTURE_AUTORELEASING = YES;
				CLANG_WARN_BOOL_CONVERSION = YES;
				CLANG_WARN_COMMA = YES;
				CLANG_WARN_CONSTANT_CONVERSION = YES;
				CLANG_WARN_DEPRECATED_OBJC_IMPLEMENTATIONS = YES;
				CLANG_WARN_DIRECT_OBJC_ISA_USAGE = YES_ERROR;
				CLANG_WARN_DOCUMENTATION_COMMENTS = YES;
				CLANG_WARN_EMPTY_BODY = YES;
				CLANG_WARN_ENUM_CONVERSION = YES;
				CLANG_WARN_INFINITE_RECURSION = YES;
				CLANG_WARN_INT_CONVERSION = YES;
				CLANG_WARN_NON_LITERAL_NULL_CONVERSION = YES;
				CLANG_WARN_OBJC_IMPLICIT_RETAIN_SELF = YES;
				CLANG_WARN_OBJC_LITERAL_CONVERSION = YES;
				CLANG_WARN_OBJC_ROOT_CLASS = YES_ERROR;
				CLANG_WARN_RANGE_LOOP_ANALYSIS = YES;
				CLANG_WARN_STRICT_PROTOTYPES = YES;
				CLANG_WARN_SUSPICIOUS_MOVE = YES;
				CLANG_WARN_UNGUARDED_AVAILABILITY = YES_AGGRESSIVE;
				CLANG_WARN_UNREACHABLE_CODE = YES;
				CLANG_WARN__DUPLICATE_METHOD_MATCH = YES;
				COPY_PHASE_STRIP = NO;
				DEBUG_INFORMATION_FORMAT = "dwarf-with-dsym";
				ENABLE_NS_ASSERTIONS = NO;
				ENABLE_STRICT_OBJC_MSGSEND = YES;
				GCC_C_LANGUAGE_STANDARD = gnu11;
				GCC_NO_COMMON_BLOCKS = YES;
				GCC_WARN_64_TO_32_BIT_CONVERSION = YES;
				GCC_WARN_ABOUT_RETURN_TYPE = YES_ERROR;
				GCC_WARN_UNDECLARED_SELECTOR = YES;
				GCC_WARN_UNINITIALIZED_AUTOS = YES_AGGRESSIVE;
				GCC_WARN_UNUSED_FUNCTION = YES;
				GCC_WARN_UNUSED_VARIABLE = YES;
				IPHONEOS_DEPLOYMENT_TARGET = 13.1;
				MTL_ENABLE_DEBUG_INFO = NO;
				MTL_FAST_MATH = YES;
				SDKROOT = iphoneos;
				SWIFT_COMPILATION_MODE = wholemodule;
				SWIFT_OPTIMIZATION_LEVEL = "-O";
				VALIDATE_PRODUCT = YES;
			};
			name = Release;
		};
		18391607238E33560028866E /* Debug */ = {
			isa = XCBuildConfiguration;
			buildSettings = {
				ASSETCATALOG_COMPILER_APPICON_NAME = AppIcon;
				CODE_SIGN_STYLE = Automatic;
				INFOPLIST_FILE = collectionViewCellSizing/Info.plist;
				LD_RUNPATH_SEARCH_PATHS = (
					"$(inherited)",
					"@executable_path/Frameworks",
				);
				PRODUCT_BUNDLE_IDENTIFIER = Ngoc.collectionViewCellSizing;
				PRODUCT_NAME = "$(TARGET_NAME)";
				SWIFT_VERSION = 5.0;
				TARGETED_DEVICE_FAMILY = "1,2";
			};
			name = Debug;
		};
		18391608238E33560028866E /* Release */ = {
			isa = XCBuildConfiguration;
			buildSettings = {
				ASSETCATALOG_COMPILER_APPICON_NAME = AppIcon;
				CODE_SIGN_STYLE = Automatic;
				INFOPLIST_FILE = collectionViewCellSizing/Info.plist;
				LD_RUNPATH_SEARCH_PATHS = (
					"$(inherited)",
					"@executable_path/Frameworks",
				);
				PRODUCT_BUNDLE_IDENTIFIER = Ngoc.collectionViewCellSizing;
				PRODUCT_NAME = "$(TARGET_NAME)";
				SWIFT_VERSION = 5.0;
				TARGETED_DEVICE_FAMILY = "1,2";
			};
			name = Release;
		};
		1839160A238E33560028866E /* Debug */ = {
			isa = XCBuildConfiguration;
			buildSettings = {
				ALWAYS_EMBED_SWIFT_STANDARD_LIBRARIES = YES;
				BUNDLE_LOADER = "$(TEST_HOST)";
				CODE_SIGN_STYLE = Automatic;
				INFOPLIST_FILE = collectionViewCellSizingTests/Info.plist;
				IPHONEOS_DEPLOYMENT_TARGET = 13.1;
				LD_RUNPATH_SEARCH_PATHS = (
					"$(inherited)",
					"@executable_path/Frameworks",
					"@loader_path/Frameworks",
				);
				PRODUCT_BUNDLE_IDENTIFIER = Ngoc.collectionViewCellSizingTests;
				PRODUCT_NAME = "$(TARGET_NAME)";
				SWIFT_VERSION = 5.0;
				TARGETED_DEVICE_FAMILY = "1,2";
				TEST_HOST = "$(BUILT_PRODUCTS_DIR)/collectionViewCellSizing.app/collectionViewCellSizing";
			};
			name = Debug;
		};
		1839160B238E33560028866E /* Release */ = {
			isa = XCBuildConfiguration;
			buildSettings = {
				ALWAYS_EMBED_SWIFT_STANDARD_LIBRARIES = YES;
				BUNDLE_LOADER = "$(TEST_HOST)";
				CODE_SIGN_STYLE = Automatic;
				INFOPLIST_FILE = collectionViewCellSizingTests/Info.plist;
				IPHONEOS_DEPLOYMENT_TARGET = 13.1;
				LD_RUNPATH_SEARCH_PATHS = (
					"$(inherited)",
					"@executable_path/Frameworks",
					"@loader_path/Frameworks",
				);
				PRODUCT_BUNDLE_IDENTIFIER = Ngoc.collectionViewCellSizingTests;
				PRODUCT_NAME = "$(TARGET_NAME)";
				SWIFT_VERSION = 5.0;
				TARGETED_DEVICE_FAMILY = "1,2";
				TEST_HOST = "$(BUILT_PRODUCTS_DIR)/collectionViewCellSizing.app/collectionViewCellSizing";
			};
			name = Release;
		};
		1839160D238E33560028866E /* Debug */ = {
			isa = XCBuildConfiguration;
			buildSettings = {
				ALWAYS_EMBED_SWIFT_STANDARD_LIBRARIES = YES;
				CODE_SIGN_STYLE = Automatic;
				INFOPLIST_FILE = collectionViewCellSizingUITests/Info.plist;
				LD_RUNPATH_SEARCH_PATHS = (
					"$(inherited)",
					"@executable_path/Frameworks",
					"@loader_path/Frameworks",
				);
				PRODUCT_BUNDLE_IDENTIFIER = Ngoc.collectionViewCellSizingUITests;
				PRODUCT_NAME = "$(TARGET_NAME)";
				SWIFT_VERSION = 5.0;
				TARGETED_DEVICE_FAMILY = "1,2";
				TEST_TARGET_NAME = collectionViewCellSizing;
			};
			name = Debug;
		};
		1839160E238E33560028866E /* Release */ = {
			isa = XCBuildConfiguration;
			buildSettings = {
				ALWAYS_EMBED_SWIFT_STANDARD_LIBRARIES = YES;
				CODE_SIGN_STYLE = Automatic;
				INFOPLIST_FILE = collectionViewCellSizingUITests/Info.plist;
				LD_RUNPATH_SEARCH_PATHS = (
					"$(inherited)",
					"@executable_path/Frameworks",
					"@loader_path/Frameworks",
				);
				PRODUCT_BUNDLE_IDENTIFIER = Ngoc.collectionViewCellSizingUITests;
				PRODUCT_NAME = "$(TARGET_NAME)";
				SWIFT_VERSION = 5.0;
				TARGETED_DEVICE_FAMILY = "1,2";
				TEST_TARGET_NAME = collectionViewCellSizing;
			};
			name = Release;
		};
/* End XCBuildConfiguration section */

/* Begin XCConfigurationList section */
		183915D4238E33530028866E /* Build configuration list for PBXProject "collectionViewCellSizing" */ = {
			isa = XCConfigurationList;
			buildConfigurations = (
				18391604238E33560028866E /* Debug */,
				18391605238E33560028866E /* Release */,
			);
			defaultConfigurationIsVisible = 0;
			defaultConfigurationName = Release;
		};
		18391606238E33560028866E /* Build configuration list for PBXNativeTarget "collectionViewCellSizing" */ = {
			isa = XCConfigurationList;
			buildConfigurations = (
				18391607238E33560028866E /* Debug */,
				18391608238E33560028866E /* Release */,
			);
			defaultConfigurationIsVisible = 0;
			defaultConfigurationName = Release;
		};
		18391609238E33560028866E /* Build configuration list for PBXNativeTarget "collectionViewCellSizingTests" */ = {
			isa = XCConfigurationList;
			buildConfigurations = (
				1839160A238E33560028866E /* Debug */,
				1839160B238E33560028866E /* Release */,
			);
			defaultConfigurationIsVisible = 0;
			defaultConfigurationName = Release;
		};
		1839160C238E33560028866E /* Build configuration list for PBXNativeTarget "collectionViewCellSizingUITests" */ = {
			isa = XCConfigurationList;
			buildConfigurations = (
				1839160D238E33560028866E /* Debug */,
				1839160E238E33560028866E /* Release */,
			);
			defaultConfigurationIsVisible = 0;
			defaultConfigurationName = Release;
		};
/* End XCConfigurationList section */

/* Begin XCVersionGroup section */
		183915E5238E33530028866E /* collectionViewCellSizing.xcdatamodeld */ = {
			isa = XCVersionGroup;
			children = (
				183915E6238E33530028866E /* collectionViewCellSizing.xcdatamodel */,
			);
			currentVersion = 183915E6238E33530028866E /* collectionViewCellSizing.xcdatamodel */;
			path = collectionViewCellSizing.xcdatamodeld;
			sourceTree = "<group>";
			versionGroupType = wrapper.xcdatamodel;
		};
/* End XCVersionGroup section */
	};
	rootObject = 183915D1238E33530028866E /* Project object */;
}
